
Microsoft Visual Studio Solution File, Format Version 12.00
# Visual Studio Version 17
VisualStudioVersion = 17.3.32804.467
MinimumVisualStudioVersion = 10.0.40219.1
Project("{FAE04EC0-301F-11D3-BF4B-00C04F79EFBC}") = "Web3Test", "Web3Test\Web3Test.csproj", "{759B165D-0777-41C0-925C-60A9F7256C16}"
EndProject
Project("{FAE04EC0-301F-11D3-BF4B-00C04F79EFBC}") = "Web3Providers", "Web3Providers\Web3Providers.csproj", "{090D273B-CEBB-439F-9346-E1627C41F48C}"
EndProject
Global
	GlobalSection(SolutionConfigurationPlatforms) = preSolution
		Debug|Any CPU = Debug|Any CPU
		Release|Any CPU = Release|Any CPU
	EndGlobalSection
	GlobalSection(ProjectConfigurationPlatforms) = postSolution
		{759B165D-0777-41C0-925C-60A9F7256C16}.Debug|Any CPU.ActiveCfg = Debug|Any CPU
		{759B165D-0777-41C0-925C-60A9F7256C16}.Debug|Any CPU.Build.0 = Debug|Any CPU
		{759B165D-0777-41C0-925C-60A9F7256C16}.Release|Any CPU.ActiveCfg = Release|Any CPU
		{759B165D-0777-41C0-925C-60A9F7256C16}.Release|Any CPU.Build.0 = Release|Any CPU
		{090D273B-CEBB-439F-9346-E1627C41F48C}.Debug|Any CPU.ActiveCfg = Debug|Any CPU
		{090D273B-CEBB-439F-9346-E1627C41F48C}.Debug|Any CPU.Build.0 = Debug|Any CPU
		{090D273B-CEBB-439F-9346-E1627C41F48C}.Release|Any CPU.ActiveCfg = Release|Any CPU
		{090D273B-CEBB-439F-9346-E1627C41F48C}.Release|Any CPU.Build.0 = Release|Any CPU
	EndGlobalSection
	GlobalSection(SolutionProperties) = preSolution
		HideSolutionNode = FALSE
	EndGlobalSection
	GlobalSection(ExtensibilityGlobals) = postSolution
		SolutionGuid = {42FDE5CC-793A-45BF-ABC2-8B985CBCBC27}
	EndGlobalSection
EndGlobal
